// !$*UTF8*$!
{
	archiveVersion = 1;
	classes = {
	};
	objectVersion = 50;
	objects = {

/* Begin PBXBuildFile section */
		1440752A227B0FAE0018F45A /* AppDelegate.swift in Sources */ = {isa = PBXBuildFile; fileRef = 14407529227B0FAE0018F45A /* AppDelegate.swift */; };
		1440752C227B0FAE0018F45A /* ViewController.swift in Sources */ = {isa = PBXBuildFile; fileRef = 1440752B227B0FAE0018F45A /* ViewController.swift */; };
		1440752F227B0FAE0018F45A /* Main.storyboard in Resources */ = {isa = PBXBuildFile; fileRef = 1440752D227B0FAE0018F45A /* Main.storyboard */; };
		14407531227B0FB00018F45A /* Assets.xcassets in Resources */ = {isa = PBXBuildFile; fileRef = 14407530227B0FB00018F45A /* Assets.xcassets */; };
		14407534227B0FB00018F45A /* LaunchScreen.storyboard in Resources */ = {isa = PBXBuildFile; fileRef = 14407532227B0FB00018F45A /* LaunchScreen.storyboard */; };
		1440753C227E06CC0018F45A /* FileDownloader.swift in Sources */ = {isa = PBXBuildFile; fileRef = 1440753B227E06CC0018F45A /* FileDownloader.swift */; };
		1440753E227E0B460018F45A /* DataPrinter.swift in Sources */ = {isa = PBXBuildFile; fileRef = 1440753D227E0B460018F45A /* DataPrinter.swift */; };
/* End PBXBuildFile section */

/* Begin PBXFileReference section */
		14407526227B0FAE0018F45A /* EgnyteTask.app */ = {isa = PBXFileReference; explicitFileType = wrapper.application; includeInIndex = 0; path = EgnyteTask.app; sourceTree = BUILT_PRODUCTS_DIR; };
		14407529227B0FAE0018F45A /* AppDelegate.swift */ = {isa = PBXFileReference; lastKnownFileType = sourcecode.swift; path = AppDelegate.swift; sourceTree = "<group>"; };
		1440752B227B0FAE0018F45A /* ViewController.swift */ = {isa = PBXFileReference; lastKnownFileType = sourcecode.swift; path = ViewController.swift; sourceTree = "<group>"; };
		1440752E227B0FAE0018F45A /* Base */ = {isa = PBXFileReference; lastKnownFileType = file.storyboard; name = Base; path = Base.lproj/Main.storyboard; sourceTree = "<group>"; };
		14407530227B0FB00018F45A /* Assets.xcassets */ = {isa = PBXFileReference; lastKnownFileType = folder.assetcatalog; path = Assets.xcassets; sourceTree = "<group>"; };
		14407533227B0FB00018F45A /* Base */ = {isa = PBXFileReference; lastKnownFileType = file.storyboard; name = Base; path = Base.lproj/LaunchScreen.storyboard; sourceTree = "<group>"; };
		14407535227B0FB00018F45A /* Info.plist */ = {isa = PBXFileReference; lastKnownFileType = text.plist.xml; path = Info.plist; sourceTree = "<group>"; };
		1440753B227E06CC0018F45A /* FileDownloader.swift */ = {isa = PBXFileReference; lastKnownFileType = sourcecode.swift; path = FileDownloader.swift; sourceTree = "<group>"; };
		1440753D227E0B460018F45A /* DataPrinter.swift */ = {isa = PBXFileReference; lastKnownFileType = sourcecode.swift; path = DataPrinter.swift; sourceTree = "<group>"; };
/* End PBXFileReference section */

/* Begin PBXFrameworksBuildPhase section */
		14407523227B0FAE0018F45A /* Frameworks */ = {
			isa = PBXFrameworksBuildPhase;
			buildActionMask = 2147483647;
			files = (
			);
			runOnlyForDeploymentPostprocessing = 0;
		};
/* End PBXFrameworksBuildPhase section */

/* Begin PBXGroup section */
		1440751D227B0FAE0018F45A = {
			isa = PBXGroup;
			children = (
				14407528227B0FAE0018F45A /* EgnyteTask */,
				14407527227B0FAE0018F45A /* Products */,
			);
			sourceTree = "<group>";
		};
		14407527227B0FAE0018F45A /* Products */ = {
			isa = PBXGroup;
			children = (
				14407526227B0FAE0018F45A /* EgnyteTask.app */,
			);
			name = Products;
			sourceTree = "<group>";
		};
		14407528227B0FAE0018F45A /* EgnyteTask */ = {
			isa = PBXGroup;
			children = (
				14407529227B0FAE0018F45A /* AppDelegate.swift */,
				1440752B227B0FAE0018F45A /* ViewController.swift */,
				1440752D227B0FAE0018F45A /* Main.storyboard */,
				14407530227B0FB00018F45A /* Assets.xcassets */,
				14407532227B0FB00018F45A /* LaunchScreen.storyboard */,
				14407535227B0FB00018F45A /* Info.plist */,
				1440753B227E06CC0018F45A /* FileDownloader.swift */,
				1440753D227E0B460018F45A /* DataPrinter.swift */,
			);
			path = EgnyteTask;
			sourceTree = "<group>";
		};
/* End PBXGroup section */

/* Begin PBXNativeTarget section */
		14407525227B0FAE0018F45A /* EgnyteTask */ = {
			isa = PBXNativeTarget;
			buildConfigurationList = 14407538227B0FB00018F45A /* Build configuration list for PBXNativeTarget "EgnyteTask" */;
			buildPhases = (
				14407522227B0FAE0018F45A /* Sources */,
				14407523227B0FAE0018F45A /* Frameworks */,
				14407524227B0FAE0018F45A /* Resources */,
			);
			buildRules = (
			);
			dependencies = (
			);
			name = EgnyteTask;
			productName = EgnyteTask;
			productReference = 14407526227B0FAE0018F45A /* EgnyteTask.app */;
			productType = "com.apple.product-type.application";
		};
/* End PBXNativeTarget section */

/* Begin PBXProject section */
		1440751E227B0FAE0018F45A /* Project object */ = {
			isa = PBXProject;
			attributes = {
				LastSwiftUpdateCheck = 1020;
				LastUpgradeCheck = 1020;
				ORGANIZATIONNAME = Filip;
				TargetAttributes = {
					14407525227B0FAE0018F45A = {
						CreatedOnToolsVersion = 10.2.1;
					};
				};
			};
			buildConfigurationList = 14407521227B0FAE0018F45A /* Build configuration list for PBXProject "EgnyteTask" */;
			compatibilityVersion = "Xcode 9.3";
			developmentRegion = en;
			hasScannedForEncodings = 0;
			knownRegions = (
				en,
				Base,
			);
			mainGroup = 1440751D227B0FAE0018F45A;
			productRefGroup = 14407527227B0FAE0018F45A /* Products */;
			projectDirPath = "";
			projectRoot = "";
			targets = (
				14407525227B0FAE0018F45A /* EgnyteTask */,
			);
		};
/* End PBXProject section */

/* Begin PBXResourcesBuildPhase section */
		14407524227B0FAE0018F45A /* Resources */ = {
			isa = PBXResourcesBuildPhase;
			buildActionMask = 2147483647;
			files = (
				14407534227B0FB00018F45A /* LaunchScreen.storyboard in Resources */,
				14407531227B0FB00018F45A /* Assets.xcassets in Resources */,
				1440752F227B0FAE0018F45A /* Main.storyboard in Resources */,
			);
			runOnlyForDeploymentPostprocessing = 0;
		};
/* End PBXResourcesBuildPhase section */

/* Begin PBXSourcesBuildPhase section */
		14407522227B0FAE0018F45A /* Sources */ = {
			isa = PBXSourcesBuildPhase;
			buildActionMask = 2147483647;
			files = (
				1440753C227E06CC0018F45A /* FileDownloader.swift in Sources */,
				1440752C227B0FAE0018F45A /* ViewController.swift in Sources */,
				1440753E227E0B460018F45A /* DataPrinter.swift in Sources */,
				1440752A227B0FAE0018F45A /* AppDelegate.swift in Sources */,
			);
			runOnlyForDeploymentPostprocessing = 0;
		};
/* End PBXSourcesBuildPhase section */

/* Begin PBXVariantGroup section */
		1440752D227B0FAE0018F45A /* Main.storyboard */ = {
			isa = PBXVariantGroup;
			children = (
				1440752E227B0FAE0018F45A /* Base */,
			);
			name = Main.storyboard;
			sourceTree = "<group>";
		};
		14407532227B0FB00018F45A /* LaunchScreen.storyboard */ = {
			isa = PBXVariantGroup;
			children = (
				14407533227B0FB00018F45A /* Base */,
			);
			name = LaunchScreen.storyboard;
			sourceTree = "<group>";
		};
/* End PBXVariantGroup section */

/* Begin XCBuildConfiguration section */
		14407536227B0FB00018F45A /* Debug */ = {
			isa = XCBuildConfiguration;
			buildSettings = {
				ALWAYS_SEARCH_USER_PATHS = NO;
				CLANG_ANALYZER_NONNULL = YES;
				CLANG_ANALYZER_NUMBER_OBJECT_CONVERSION = YES_AGGRESSIVE;
				CLANG_CXX_LANGUAGE_STANDARD = "gnu++14";
				CLANG_CXX_LIBRARY = "libc++";
				CLANG_ENABLE_MODULES = YES;
				CLANG_ENABLE_OBJC_ARC = YES;
				CLANG_ENABLE_OBJC_WEAK = YES;
				CLANG_WARN_BLOCK_CAPTURE_AUTORELEASING = YES;
				CLANG_WARN_BOOL_CONVERSION = YES;
				CLANG_WARN_COMMA = YES;
				CLANG_WARN_CONSTANT_CONVERSION = YES;
				CLANG_WARN_DEPRECATED_OBJC_IMPLEMENTATIONS = YES;
				CLANG_WARN_DIRECT_OBJC_ISA_USAGE = YES_ERROR;
				CLANG_WARN_DOCUMENTATION_COMMENTS = YES;
				CLANG_WARN_EMPTY_BODY = YES;
				CLANG_WARN_ENUM_CONVERSION = YES;
				CLANG_WARN_INFINITE_RECURSION = YES;
				CLANG_WARN_INT_CONVERSION = YES;
				CLANG_WARN_NON_LITERAL_NULL_CONVERSION = YES;
				CLANG_WARN_OBJC_IMPLICIT_RETAIN_SELF = YES;
				CLANG_WARN_OBJC_LITERAL_CONVERSION = YES;
				CLANG_WARN_OBJC_ROOT_CLASS = YES_ERROR;
				CLANG_WARN_RANGE_LOOP_ANALYSIS = YES;
				CLANG_WARN_STRICT_PROTOTYPES = YES;
				CLANG_WARN_SUSPICIOUS_MOVE = YES;
				CLANG_WARN_UNGUARDED_AVAILABILITY = YES_AGGRESSIVE;
				CLANG_WARN_UNREACHABLE_CODE = YES;
				CLANG_WARN__DUPLICATE_METHOD_MATCH = YES;
				CODE_SIGN_IDENTITY = "iPhone Developer";
				COPY_PHASE_STRIP = NO;
				DEBUG_INFORMATION_FORMAT = dwarf;
				ENABLE_STRICT_OBJC_MSGSEND = YES;
				ENABLE_TESTABILITY = YES;
				GCC_C_LANGUAGE_STANDARD = gnu11;
				GCC_DYNAMIC_NO_PIC = NO;
				GCC_NO_COMMON_BLOCKS = YES;
				GCC_OPTIMIZATION_LEVEL = 0;
				GCC_PREPROCESSOR_DEFINITIONS = (
					"DEBUG=1",
					"$(inherited)",
				);
				GCC_WARN_64_TO_32_BIT_CONVERSION = YES;
				GCC_WARN_ABOUT_RETURN_TYPE = YES_ERROR;
				GCC_WARN_UNDECLARED_SELECTOR = YES;
				GCC_WARN_UNINITIALIZED_AUTOS = YES_AGGRESSIVE;
				GCC_WARN_UNUSED_FUNCTION = YES;
				GCC_WARN_UNUSED_VARIABLE = YES;
				IPHONEOS_DEPLOYMENT_TARGET = 12.2;
				MTL_ENABLE_DEBUG_INFO = INCLUDE_SOURCE;
				MTL_FAST_MATH = YES;
				ONLY_ACTIVE_ARCH = YES;
				SDKROOT = iphoneos;
				SWIFT_ACTIVE_COMPILATION_CONDITIONS = DEBUG;
				SWIFT_OPTIMIZATION_LEVEL = "-Onone";
			};
			name = Debug;
		};
		14407537227B0FB00018F45A /* Release */ = {
			isa = XCBuildConfiguration;
			buildSettings = {
				ALWAYS_SEARCH_USER_PATHS = NO;
				CLANG_ANALYZER_NONNULL = YES;
				CLANG_ANALYZER_NUMBER_OBJECT_CONVERSION = YES_AGGRESSIVE;
				CLANG_CXX_LANGUAGE_STANDARD = "gnu++14";
				CLANG_CXX_LIBRARY = "libc++";
				CLANG_ENABLE_MODULES = YES;
				CLANG_ENABLE_OBJC_ARC = YES;
				CLANG_ENABLE_OBJC_WEAK = YES;
				CLANG_WARN_BLOCK_CAPTURE_AUTORELEASING = YES;
				CLANG_WARN_BOOL_CONVERSION = YES;
				CLANG_WARN_COMMA = YES;
				CLANG_WARN_CONSTANT_CONVERSION = YES;
				CLANG_WARN_DEPRECATED_OBJC_IMPLEMENTATIONS = YES;
				CLANG_WARN_DIRECT_OBJC_ISA_USAGE = YES_ERROR;
				CLANG_WARN_DOCUMENTATION_COMMENTS = YES;
				CLANG_WARN_EMPTY_BODY = YES;
				CLANG_WARN_ENUM_CONVERSION = YES;
				CLANG_WARN_INFINITE_RECURSION = YES;
				CLANG_WARN_INT_CONVERSION = YES;
				CLANG_WARN_NON_LITERAL_NULL_CONVERSION = YES;
				CLANG_WARN_OBJC_IMPLICIT_RETAIN_SELF = YES;
				CLANG_WARN_OBJC_LITERAL_CONVERSION = YES;
				CLANG_WARN_OBJC_ROOT_CLASS = YES_ERROR;
				CLANG_WARN_RANGE_LOOP_ANALYSIS = YES;
				CLANG_WARN_STRICT_PROTOTYPES = YES;
				CLANG_WARN_SUSPICIOUS_MOVE = YES;
				CLANG_WARN_UNGUARDED_AVAILABILITY = YES_AGGRESSIVE;
				CLANG_WARN_UNREACHABLE_CODE = YES;
				CLANG_WARN__DUPLICATE_METHOD_MATCH = YES;
				CODE_SIGN_IDENTITY = "iPhone Developer";
				COPY_PHASE_STRIP = NO;
				DEBUG_INFORMATION_FORMAT = "dwarf-with-dsym";
				ENABLE_NS_ASSERTIONS = NO;
				ENABLE_STRICT_OBJC_MSGSEND = YES;
				GCC_C_LANGUAGE_STANDARD = gnu11;
				GCC_NO_COMMON_BLOCKS = YES;
				GCC_WARN_64_TO_32_BIT_CONVERSION = YES;
				GCC_WARN_ABOUT_RETURN_TYPE = YES_ERROR;
				GCC_WARN_UNDECLARED_SELECTOR = YES;
				GCC_WARN_UNINITIALIZED_AUTOS = YES_AGGRESSIVE;
				GCC_WARN_UNUSED_FUNCTION = YES;
				GCC_WARN_UNUSED_VARIABLE = YES;
				IPHONEOS_DEPLOYMENT_TARGET = 12.2;
				MTL_ENABLE_DEBUG_INFO = NO;
				MTL_FAST_MATH = YES;
				SDKROOT = iphoneos;
				SWIFT_COMPILATION_MODE = wholemodule;
				SWIFT_OPTIMIZATION_LEVEL = "-O";
				VALIDATE_PRODUCT = YES;
			};
			name = Release;
		};
		14407539227B0FB00018F45A /* Debug */ = {
			isa = XCBuildConfiguration;
			buildSettings = {
				ASSETCATALOG_COMPILER_APPICON_NAME = AppIcon;
				CODE_SIGN_STYLE = Automatic;
				DEVELOPMENT_TEAM = FTSDJRAZR8;
				INFOPLIST_FILE = EgnyteTask/Info.plist;
				LD_RUNPATH_SEARCH_PATHS = (
					"$(inherited)",
					"@executable_path/Frameworks",
				);
				PRODUCT_BUNDLE_IDENTIFIER = fg.EgnyteTask;
				PRODUCT_NAME = "$(TARGET_NAME)";
				SWIFT_VERSION = 5.0;
				TARGETED_DEVICE_FAMILY = "1,2";
			};
			name = Debug;
		};
		1440753A227B0FB00018F45A /* Release */ = {
			isa = XCBuildConfiguration;
			buildSettings = {
				ASSETCATALOG_COMPILER_APPICON_NAME = AppIcon;
				CODE_SIGN_STYLE = Automatic;
				DEVELOPMENT_TEAM = FTSDJRAZR8;
				INFOPLIST_FILE = EgnyteTask/Info.plist;
				LD_RUNPATH_SEARCH_PATHS = (
					"$(inherited)",
					"@executable_path/Frameworks",
				);
				PRODUCT_BUNDLE_IDENTIFIER = fg.EgnyteTask;
				PRODUCT_NAME = "$(TARGET_NAME)";
				SWIFT_VERSION = 5.0;
				TARGETED_DEVICE_FAMILY = "1,2";
			};
			name = Release;
		};
/* End XCBuildConfiguration section */

/* Begin XCConfigurationList section */
		14407521227B0FAE0018F45A /* Build configuration list for PBXProject "EgnyteTask" */ = {
			isa = XCConfigurationList;
			buildConfigurations = (
				14407536227B0FB00018F45A /* Debug */,
				14407537227B0FB00018F45A /* Release */,
			);
			defaultConfigurationIsVisible = 0;
			defaultConfigurationName = Release;
		};
		14407538227B0FB00018F45A /* Build configuration list for PBXNativeTarget "EgnyteTask" */ = {
			isa = XCConfigurationList;
			buildConfigurations = (
				14407539227B0FB00018F45A /* Debug */,
				1440753A227B0FB00018F45A /* Release */,
			);
			defaultConfigurationIsVisible = 0;
			defaultConfigurationName = Release;
		};
/* End XCConfigurationList section */
	};
	rootObject = 1440751E227B0FAE0018F45A /* Project object */;
}
